
Microsoft Visual Studio Solution File, Format Version 12.00
# Visual Studio Version 16
VisualStudioVersion = 16.0.28922.388
MinimumVisualStudioVersion = 10.0.40219.1
Project("{FAE04EC0-301F-11D3-BF4B-00C04F79EFBC}") = "SheilaWard_CFBlog", "SheilaWard_CFBlog.csproj", "{1F9ED6FD-EEFA-4E22-9948-260CF3F5BAE0}"
EndProject
Global
	GlobalSection(SolutionConfigurationPlatforms) = preSolution
		Debug|Any CPU = Debug|Any CPU
		Release|Any CPU = Release|Any CPU
	EndGlobalSection
	GlobalSection(ProjectConfigurationPlatforms) = postSolution
		{1F9ED6FD-EEFA-4E22-9948-260CF3F5BAE0}.Debug|Any CPU.ActiveCfg = Debug|Any CPU
		{1F9ED6FD-EEFA-4E22-9948-260CF3F5BAE0}.Debug|Any CPU.Build.0 = Debug|Any CPU
		{1F9ED6FD-EEFA-4E22-9948-260CF3F5BAE0}.Release|Any CPU.ActiveCfg = Release|Any CPU
		{1F9ED6FD-EEFA-4E22-9948-260CF3F5BAE0}.Release|Any CPU.Build.0 = Release|Any CPU
	EndGlobalSection
	GlobalSection(SolutionProperties) = preSolution
		HideSolutionNode = FALSE
	EndGlobalSection
	GlobalSection(ExtensibilityGlobals) = postSolution
		SolutionGuid = {24217613-C231-4BD3-A798-8E808915F8ED}
	EndGlobalSection
EndGlobal
